// !$*UTF8*$!
{
	archiveVersion = 1;
	classes = {
	};
	objectVersion = 46;
	objects = {

/* Begin PBXBuildFile section */
		F50142D91ACD19CD000DDBE3 /* JobVoteDwn-no-selected@3x.png in Resources */ = {isa = PBXBuildFile; fileRef = F50142D51ACD19CD000DDBE3 /* JobVoteDwn-no-selected@3x.png */; };
		F50142DA1ACD19CD000DDBE3 /* JobVoteDwn-selected@3x.png in Resources */ = {isa = PBXBuildFile; fileRef = F50142D61ACD19CD000DDBE3 /* JobVoteDwn-selected@3x.png */; };
		F50142DB1ACD19CD000DDBE3 /* JobVoteUp-no-selected@3x.png in Resources */ = {isa = PBXBuildFile; fileRef = F50142D71ACD19CD000DDBE3 /* JobVoteUp-no-selected@3x.png */; };
		F50142DC1ACD19CD000DDBE3 /* JobVoteUp-selected@3x.png in Resources */ = {isa = PBXBuildFile; fileRef = F50142D81ACD19CD000DDBE3 /* JobVoteUp-selected@3x.png */; };
		F506DC301AF7C1BF000ABF49 /* MenuBar-Report.png in Resources */ = {isa = PBXBuildFile; fileRef = F506DC2D1AF7C1BF000ABF49 /* MenuBar-Report.png */; };
		F506DC311AF7C1BF000ABF49 /* MenuBar-Report@2x.png in Resources */ = {isa = PBXBuildFile; fileRef = F506DC2E1AF7C1BF000ABF49 /* MenuBar-Report@2x.png */; };
		F506DC321AF7C1BF000ABF49 /* MenuBar-Report@3x.png in Resources */ = {isa = PBXBuildFile; fileRef = F506DC2F1AF7C1BF000ABF49 /* MenuBar-Report@3x.png */; };
		F506DC341AF9504F000ABF49 /* LoadingJobListEmptyView.xib in Resources */ = {isa = PBXBuildFile; fileRef = F506DC331AF9504F000ABF49 /* LoadingJobListEmptyView.xib */; };
		F506DC3D1AF952DE000ABF49 /* LoadingJobListEmptyView.m in Sources */ = {isa = PBXBuildFile; fileRef = F506DC3C1AF952DE000ABF49 /* LoadingJobListEmptyView.m */; };
		F52DC4901AE4D80800693911 /* ViewEditMyCVViewController.m in Sources */ = {isa = PBXBuildFile; fileRef = F52DC48F1AE4D80800693911 /* ViewEditMyCVViewController.m */; };
		F52DC4971AE6507D00693911 /* Default_Profile_Picture@3x.png in Resources */ = {isa = PBXBuildFile; fileRef = F52DC4961AE6507D00693911 /* Default_Profile_Picture@3x.png */; };
		F533345F1AE3CE4D0029BFF7 /* CreateCVView.xib in Resources */ = {isa = PBXBuildFile; fileRef = F533345E1AE3CE4D0029BFF7 /* CreateCVView.xib */; };
		F53334621AE3CEB40029BFF7 /* CreateCVViewController.m in Sources */ = {isa = PBXBuildFile; fileRef = F53334611AE3CEB40029BFF7 /* CreateCVViewController.m */; };
		F53334641AE4080C0029BFF7 /* Lenna@3x.jpg in Resources */ = {isa = PBXBuildFile; fileRef = F53334631AE4080C0029BFF7 /* Lenna@3x.jpg */; };
		F535A9A71AD06E500091E70B /* ExistingUserLoginViewController.m in Sources */ = {isa = PBXBuildFile; fileRef = F535A9A61AD06E500091E70B /* ExistingUserLoginViewController.m */; };
		F535AA641AD3CE270091E70B /* WelcomeAppChoiceView.xib in Resources */ = {isa = PBXBuildFile; fileRef = F535AA631AD3CE270091E70B /* WelcomeAppChoiceView.xib */; };
		F535AA671AD3CE7E0091E70B /* WelcomeAppChoiceViewController.m in Sources */ = {isa = PBXBuildFile; fileRef = F535AA661AD3CE7E0091E70B /* WelcomeAppChoiceViewController.m */; };
		F535AA691AD401BA0091E70B /* myLocation.gpx in Resources */ = {isa = PBXBuildFile; fileRef = F535AA681AD401BA0091E70B /* myLocation.gpx */; };
		F535AA721AD449BA0091E70B /* JobDetailsViewController.m in Sources */ = {isa = PBXBuildFile; fileRef = F535AA711AD449BA0091E70B /* JobDetailsViewController.m */; };
		F535AADA1AD947BF0091E70B /* MapKit.framework in Frameworks */ = {isa = PBXBuildFile; fileRef = F535AAD91AD947BF0091E70B /* MapKit.framework */; };
		F535AAE21ADA63EC0091E70B /* job-annotation-icon@3x.png in Resources */ = {isa = PBXBuildFile; fileRef = F535AAE11ADA63EC0091E70B /* job-annotation-icon@3x.png */; };
		F535AAE61ADC38580091E70B /* JobMapViewController.m in Sources */ = {isa = PBXBuildFile; fileRef = F535AAE51ADC38580091E70B /* JobMapViewController.m */; };
		F535AAE81ADC66240091E70B /* job-annotation-icon2@3x.png in Resources */ = {isa = PBXBuildFile; fileRef = F535AAE71ADC66240091E70B /* job-annotation-icon2@3x.png */; };
		F535AAEA1ADC66920091E70B /* job-annotation-icon3@3x.png in Resources */ = {isa = PBXBuildFile; fileRef = F535AAE91ADC66920091E70B /* job-annotation-icon3@3x.png */; };
		F535ABC41ADE52CF0091E70B /* JobChatViewController.m in Sources */ = {isa = PBXBuildFile; fileRef = F535ABC21ADE52CF0091E70B /* JobChatViewController.m */; };
		F535ABC51ADE52CF0091E70B /* JobChatView.xib in Resources */ = {isa = PBXBuildFile; fileRef = F535ABC31ADE52CF0091E70B /* JobChatView.xib */; };
		F535AC4E1ADEC9860091E70B /* JobChatMessageCell.xib in Resources */ = {isa = PBXBuildFile; fileRef = F535AC4D1ADEC9860091E70B /* JobChatMessageCell.xib */; };
		F535AC511ADEC9B50091E70B /* JobChatMessageCell.m in Sources */ = {isa = PBXBuildFile; fileRef = F535AC501ADEC9B50091E70B /* JobChatMessageCell.m */; };
		F53EABF11B020F5900CCB97C /* MessagesViewController.m in Sources */ = {isa = PBXBuildFile; fileRef = F53EABF01B020F5900CCB97C /* MessagesViewController.m */; };
		F53EABF41B020F8700CCB97C /* MessageCell.m in Sources */ = {isa = PBXBuildFile; fileRef = F53EABF31B020F8700CCB97C /* MessageCell.m */; };
		F59584851B1347A900B06778 /* TabBar-AddJob.png in Resources */ = {isa = PBXBuildFile; fileRef = F59584821B1347A800B06778 /* TabBar-AddJob.png */; };
		F59584861B1347A900B06778 /* TabBar-AddJob@2x.png in Resources */ = {isa = PBXBuildFile; fileRef = F59584831B1347A900B06778 /* TabBar-AddJob@2x.png */; };
		F59584871B1347A900B06778 /* TabBar-AddJob@3x.png in Resources */ = {isa = PBXBuildFile; fileRef = F59584841B1347A900B06778 /* TabBar-AddJob@3x.png */; };
		F595848B1B134BFB00B06778 /* JobLocationViewController.m in Sources */ = {isa = PBXBuildFile; fileRef = F595848A1B134BFB00B06778 /* JobLocationViewController.m */; };
		F59758AF1AC159B40099A978 /* main.m in Sources */ = {isa = PBXBuildFile; fileRef = F59758AE1AC159B40099A978 /* main.m */; };
		F59758B21AC159B40099A978 /* AppDelegate.m in Sources */ = {isa = PBXBuildFile; fileRef = F59758B11AC159B40099A978 /* AppDelegate.m */; };
		F59758BB1AC159B40099A978 /* Main.storyboard in Resources */ = {isa = PBXBuildFile; fileRef = F59758B91AC159B40099A978 /* Main.storyboard */; };
		F59758BD1AC159B40099A978 /* Images.xcassets in Resources */ = {isa = PBXBuildFile; fileRef = F59758BC1AC159B40099A978 /* Images.xcassets */; };
		F59758C01AC159B40099A978 /* LaunchScreen.xib in Resources */ = {isa = PBXBuildFile; fileRef = F59758BE1AC159B40099A978 /* LaunchScreen.xib */; };
		F59758CC1AC159B40099A978 /* Career_Map_3Tests.m in Sources */ = {isa = PBXBuildFile; fileRef = F59758CB1AC159B40099A978 /* Career_Map_3Tests.m */; };
		F59759141AC1D38F0099A978 /* AudioToolbox.framework in Frameworks */ = {isa = PBXBuildFile; fileRef = F59759131AC1D38F0099A978 /* AudioToolbox.framework */; };
		F59759161AC1D3980099A978 /* CFNetwork.framework in Frameworks */ = {isa = PBXBuildFile; fileRef = F59759151AC1D3980099A978 /* CFNetwork.framework */; };
		F59759181AC1D3A10099A978 /* CoreGraphics.framework in Frameworks */ = {isa = PBXBuildFile; fileRef = F59759171AC1D3A10099A978 /* CoreGraphics.framework */; };
		F597591A1AC1D3AD0099A978 /* CoreLocation.framework in Frameworks */ = {isa = PBXBuildFile; fileRef = F59759191AC1D3AD0099A978 /* CoreLocation.framework */; };
		F597591C1AC1D3B80099A978 /* libz.dylib in Frameworks */ = {isa = PBXBuildFile; fileRef = F597591B1AC1D3B80099A978 /* libz.dylib */; };
		F597591E1AC1D3C10099A978 /* MobileCoreServices.framework in Frameworks */ = {isa = PBXBuildFile; fileRef = F597591D1AC1D3C10099A978 /* MobileCoreServices.framework */; };
		F59759201AC1D3CB0099A978 /* QuartzCore.framework in Frameworks */ = {isa = PBXBuildFile; fileRef = F597591F1AC1D3CB0099A978 /* QuartzCore.framework */; };
		F59759221AC1D3D40099A978 /* Security.framework in Frameworks */ = {isa = PBXBuildFile; fileRef = F59759211AC1D3D40099A978 /* Security.framework */; };
		F59759241AC1D3DD0099A978 /* StoreKit.framework in Frameworks */ = {isa = PBXBuildFile; fileRef = F59759231AC1D3DD0099A978 /* StoreKit.framework */; };
		F59759261AC1D3E60099A978 /* SystemConfiguration.framework in Frameworks */ = {isa = PBXBuildFile; fileRef = F59759251AC1D3E60099A978 /* SystemConfiguration.framework */; };
		F59759291AC1D5420099A978 /* libsqlite3.0.dylib in Frameworks */ = {isa = PBXBuildFile; fileRef = F59759281AC1D5420099A978 /* libsqlite3.0.dylib */; };
		F597592F1AC1D7F00099A978 /* JobListViewController.m in Sources */ = {isa = PBXBuildFile; fileRef = F597592E1AC1D7F00099A978 /* JobListViewController.m */; };
		F59759321AC1DBDF0099A978 /* Job.m in Sources */ = {isa = PBXBuildFile; fileRef = F59759311AC1DBDF0099A978 /* Job.m */; };
		F59759351AC1DC7D0099A978 /* JobCustomTableViewCell.m in Sources */ = {isa = PBXBuildFile; fileRef = F59759341AC1DC7D0099A978 /* JobCustomTableViewCell.m */; };
		F5BAC3C01AC7EDEF003E899C /* Bolts.framework in Frameworks */ = {isa = PBXBuildFile; fileRef = F5BAC3BB1AC7EDEF003E899C /* Bolts.framework */; };
		F5BAC3C11AC7EDEF003E899C /* Parse.framework in Frameworks */ = {isa = PBXBuildFile; fileRef = F5BAC3BC1AC7EDEF003E899C /* Parse.framework */; };
		F5BAC3C21AC7EDEF003E899C /* ParseCrashReporting.framework in Frameworks */ = {isa = PBXBuildFile; fileRef = F5BAC3BD1AC7EDEF003E899C /* ParseCrashReporting.framework */; };
		F5BAC3C31AC7EDEF003E899C /* ParseFacebookUtils.framework in Frameworks */ = {isa = PBXBuildFile; fileRef = F5BAC3BE1AC7EDEF003E899C /* ParseFacebookUtils.framework */; };
		F5BAC3C41AC7EDEF003E899C /* ParseUI.framework in Frameworks */ = {isa = PBXBuildFile; fileRef = F5BAC3BF1AC7EDEF003E899C /* ParseUI.framework */; };
		F5BAC3CA1AC7EDFE003E899C /* Bolts.framework in Frameworks */ = {isa = PBXBuildFile; fileRef = F5BAC3C51AC7EDFE003E899C /* Bolts.framework */; };
		F5BAC3CB1AC7EDFE003E899C /* Parse.framework in Frameworks */ = {isa = PBXBuildFile; fileRef = F5BAC3C61AC7EDFE003E899C /* Parse.framework */; };
		F5BAC3CC1AC7EDFE003E899C /* ParseCrashReporting.framework in Frameworks */ = {isa = PBXBuildFile; fileRef = F5BAC3C71AC7EDFE003E899C /* ParseCrashReporting.framework */; };
		F5BAC3CD1AC7EDFE003E899C /* ParseFacebookUtils.framework in Frameworks */ = {isa = PBXBuildFile; fileRef = F5BAC3C81AC7EDFE003E899C /* ParseFacebookUtils.framework */; };
		F5BAC3CE1AC7EDFE003E899C /* ParseUI.framework in Frameworks */ = {isa = PBXBuildFile; fileRef = F5BAC3C91AC7EDFE003E899C /* ParseUI.framework */; };
		F5BAC3D11AC85BB7003E899C /* LoginViewController.m in Sources */ = {isa = PBXBuildFile; fileRef = F5BAC3D01AC85BB7003E899C /* LoginViewController.m */; };
		F5BAC3D41AC875E5003E899C /* settingsViewController.m in Sources */ = {isa = PBXBuildFile; fileRef = F5BAC3D31AC875E5003E899C /* settingsViewController.m */; };
		F5CB2BFB1B0DDB2500275850 /* DateConverter.m in Sources */ = {isa = PBXBuildFile; fileRef = F5CB2BFA1B0DDB2500275850 /* DateConverter.m */; };
		F5CF09431AF1114B00850BB0 /* Icon-60@3x.png in Resources */ = {isa = PBXBuildFile; fileRef = F5CF09421AF1114B00850BB0 /* Icon-60@3x.png */; };
		F5CF09461AF141A000850BB0 /* MBProgressHUD.m in Sources */ = {isa = PBXBuildFile; fileRef = F5CF09451AF141A000850BB0 /* MBProgressHUD.m */; };
		F5CF09491AF2805F00850BB0 /* TabBar-JobList@3x.png in Resources */ = {isa = PBXBuildFile; fileRef = F5CF09481AF2805F00850BB0 /* TabBar-JobList@3x.png */; };
		F5CF094B1AF2820500850BB0 /* TabBar-JobList@2x.png in Resources */ = {isa = PBXBuildFile; fileRef = F5CF094A1AF2820500850BB0 /* TabBar-JobList@2x.png */; };
		F5CF094D1AF283C600850BB0 /* TabBar-JobList.png in Resources */ = {isa = PBXBuildFile; fileRef = F5CF094C1AF283C600850BB0 /* TabBar-JobList.png */; };
		F5CF09591AF284E500850BB0 /* TabBar-Settings@2x.png in Resources */ = {isa = PBXBuildFile; fileRef = F5CF09561AF284E500850BB0 /* TabBar-Settings@2x.png */; };
		F5CF095A1AF284E500850BB0 /* TabBar-Settings@3x.png in Resources */ = {isa = PBXBuildFile; fileRef = F5CF09571AF284E500850BB0 /* TabBar-Settings@3x.png */; };
		F5CF095C1AF2854600850BB0 /* TabBar-Settings.png in Resources */ = {isa = PBXBuildFile; fileRef = F5CF095B1AF2854600850BB0 /* TabBar-Settings.png */; };
		F5CF09601AF285F000850BB0 /* TabBar-MyCV.png in Resources */ = {isa = PBXBuildFile; fileRef = F5CF095D1AF285F000850BB0 /* TabBar-MyCV.png */; };
		F5CF09611AF285F000850BB0 /* TabBar-MyCV@2x.png in Resources */ = {isa = PBXBuildFile; fileRef = F5CF095E1AF285F000850BB0 /* TabBar-MyCV@2x.png */; };
		F5CF09621AF285F000850BB0 /* TabBar-MyCV@3x.png in Resources */ = {isa = PBXBuildFile; fileRef = F5CF095F1AF285F000850BB0 /* TabBar-MyCV@3x.png */; };
		F5CF11F81AFD50AC00FD0FCA /* TabBar-Messages.png in Resources */ = {isa = PBXBuildFile; fileRef = F5CF11F51AFD50AC00FD0FCA /* TabBar-Messages.png */; };
		F5CF11F91AFD50AC00FD0FCA /* TabBar-Messages@2x.png in Resources */ = {isa = PBXBuildFile; fileRef = F5CF11F61AFD50AC00FD0FCA /* TabBar-Messages@2x.png */; };
		F5CF11FA1AFD50AC00FD0FCA /* TabBar-Messages@3x.png in Resources */ = {isa = PBXBuildFile; fileRef = F5CF11F71AFD50AC00FD0FCA /* TabBar-Messages@3x.png */; };
		F5E655641B04EF9B0025F219 /* complete.m4r in Resources */ = {isa = PBXBuildFile; fileRef = F5E655631B04EF9B0025F219 /* complete.m4r */; };
		F5EB65BC1AEBDFB60026B988 /* SkillTextField.m in Sources */ = {isa = PBXBuildFile; fileRef = F5EB65BB1AEBDFB60026B988 /* SkillTextField.m */; };
		F5EB65C01AECF6BD0026B988 /* GCPlaceholderTextView.m in Sources */ = {isa = PBXBuildFile; fileRef = F5EB65BF1AECF6BD0026B988 /* GCPlaceholderTextView.m */; };
		F5EB65C31AED82A30026B988 /* JLTStepper.m in Sources */ = {isa = PBXBuildFile; fileRef = F5EB65C21AED82A30026B988 /* JLTStepper.m */; };
		F5EB65FF1AEEB0770026B988 /* AppHorizontalMessage.m in Sources */ = {isa = PBXBuildFile; fileRef = F5EB65FE1AEEB0770026B988 /* AppHorizontalMessage.m */; };
		F5EB66031AEEB1A60026B988 /* AppHorizontalMessageView.xib in Resources */ = {isa = PBXBuildFile; fileRef = F5EB66021AEEB1A60026B988 /* AppHorizontalMessageView.xib */; };
/* End PBXBuildFile section */

/* Begin PBXContainerItemProxy section */
		F59758C61AC159B40099A978 /* PBXContainerItemProxy */ = {
			isa = PBXContainerItemProxy;
			containerPortal = F59758A11AC159B40099A978 /* Project object */;
			proxyType = 1;
			remoteGlobalIDString = F59758A81AC159B40099A978;
			remoteInfo = "Career Map 3";
		};
/* End PBXContainerItemProxy section */

/* Begin PBXFileReference section */
		F50142D51ACD19CD000DDBE3 /* JobVoteDwn-no-selected@3x.png */ = {isa = PBXFileReference; lastKnownFileType = image.png; path = "JobVoteDwn-no-selected@3x.png"; sourceTree = "<group>"; };
		F50142D61ACD19CD000DDBE3 /* JobVoteDwn-selected@3x.png */ = {isa = PBXFileReference; lastKnownFileType = image.png; path = "JobVoteDwn-selected@3x.png"; sourceTree = "<group>"; };
		F50142D71ACD19CD000DDBE3 /* JobVoteUp-no-selected@3x.png */ = {isa = PBXFileReference; lastKnownFileType = image.png; path = "JobVoteUp-no-selected@3x.png"; sourceTree = "<group>"; };
		F50142D81ACD19CD000DDBE3 /* JobVoteUp-selected@3x.png */ = {isa = PBXFileReference; lastKnownFileType = image.png; path = "JobVoteUp-selected@3x.png"; sourceTree = "<group>"; };
		F506DC2D1AF7C1BF000ABF49 /* MenuBar-Report.png */ = {isa = PBXFileReference; lastKnownFileType = image.png; path = "MenuBar-Report.png"; sourceTree = "<group>"; };
		F506DC2E1AF7C1BF000ABF49 /* MenuBar-Report@2x.png */ = {isa = PBXFileReference; lastKnownFileType = image.png; path = "MenuBar-Report@2x.png"; sourceTree = "<group>"; };
		F506DC2F1AF7C1BF000ABF49 /* MenuBar-Report@3x.png */ = {isa = PBXFileReference; lastKnownFileType = image.png; path = "MenuBar-Report@3x.png"; sourceTree = "<group>"; };
		F506DC331AF9504F000ABF49 /* LoadingJobListEmptyView.xib */ = {isa = PBXFileReference; fileEncoding = 4; lastKnownFileType = file.xib; path = LoadingJobListEmptyView.xib; sourceTree = "<group>"; };
		F506DC3B1AF952DE000ABF49 /* LoadingJobListEmptyView.h */ = {isa = PBXFileReference; fileEncoding = 4; lastKnownFileType = sourcecode.c.h; path = LoadingJobListEmptyView.h; sourceTree = "<group>"; };
		F506DC3C1AF952DE000ABF49 /* LoadingJobListEmptyView.m */ = {isa = PBXFileReference; fileEncoding = 4; lastKnownFileType = sourcecode.c.objc; path = LoadingJobListEmptyView.m; sourceTree = "<group>"; };
		F52DC48E1AE4D80800693911 /* ViewEditMyCVViewController.h */ = {isa = PBXFileReference; fileEncoding = 4; lastKnownFileType = sourcecode.c.h; path = ViewEditMyCVViewController.h; sourceTree = "<group>"; };
		F52DC48F1AE4D80800693911 /* ViewEditMyCVViewController.m */ = {isa = PBXFileReference; fileEncoding = 4; lastKnownFileType = sourcecode.c.objc; path = ViewEditMyCVViewController.m; sourceTree = "<group>"; };
		F52DC4961AE6507D00693911 /* Default_Profile_Picture@3x.png */ = {isa = PBXFileReference; lastKnownFileType = image.png; path = "Default_Profile_Picture@3x.png"; sourceTree = "<group>"; };
		F533345E1AE3CE4D0029BFF7 /* CreateCVView.xib */ = {isa = PBXFileReference; fileEncoding = 4; lastKnownFileType = file.xib; path = CreateCVView.xib; sourceTree = "<group>"; };
		F53334601AE3CEB40029BFF7 /* CreateCVViewController.h */ = {isa = PBXFileReference; fileEncoding = 4; lastKnownFileType = sourcecode.c.h; name = CreateCVViewController.h; path = "Career Map 3/CreateCVViewController.h"; sourceTree = "<group>"; };
		F53334611AE3CEB40029BFF7 /* CreateCVViewController.m */ = {isa = PBXFileReference; fileEncoding = 4; lastKnownFileType = sourcecode.c.objc; name = CreateCVViewController.m; path = "Career Map 3/CreateCVViewController.m"; sourceTree = "<group>"; };
		F53334631AE4080C0029BFF7 /* Lenna@3x.jpg */ = {isa = PBXFileReference; lastKnownFileType = image.jpeg; path = "Lenna@3x.jpg"; sourceTree = "<group>"; };
		F535A9A51AD06E500091E70B /* ExistingUserLoginViewController.h */ = {isa = PBXFileReference; fileEncoding = 4; lastKnownFileType = sourcecode.c.h; path = ExistingUserLoginViewController.h; sourceTree = "<group>"; };
		F535A9A61AD06E500091E70B /* ExistingUserLoginViewController.m */ = {isa = PBXFileReference; fileEncoding = 4; lastKnownFileType = sourcecode.c.objc; path = ExistingUserLoginViewController.m; sourceTree = "<group>"; };
		F535AA631AD3CE270091E70B /* WelcomeAppChoiceView.xib */ = {isa = PBXFileReference; fileEncoding = 4; lastKnownFileType = file.xib; path = WelcomeAppChoiceView.xib; sourceTree = "<group>"; };
		F535AA651AD3CE7E0091E70B /* WelcomeAppChoiceViewController.h */ = {isa = PBXFileReference; fileEncoding = 4; lastKnownFileType = sourcecode.c.h; path = WelcomeAppChoiceViewController.h; sourceTree = "<group>"; };
		F535AA661AD3CE7E0091E70B /* WelcomeAppChoiceViewController.m */ = {isa = PBXFileReference; fileEncoding = 4; lastKnownFileType = sourcecode.c.objc; path = WelcomeAppChoiceViewController.m; sourceTree = "<group>"; };
		F535AA681AD401BA0091E70B /* myLocation.gpx */ = {isa = PBXFileReference; fileEncoding = 4; lastKnownFileType = text.xml; name = myLocation.gpx; path = ../myLocation.gpx; sourceTree = "<group>"; };
		F535AA701AD449BA0091E70B /* JobDetailsViewController.h */ = {isa = PBXFileReference; fileEncoding = 4; lastKnownFileType = sourcecode.c.h; path = JobDetailsViewController.h; sourceTree = "<group>"; };
		F535AA711AD449BA0091E70B /* JobDetailsViewController.m */ = {isa = PBXFileReference; fileEncoding = 4; lastKnownFileType = sourcecode.c.objc; path = JobDetailsViewController.m; sourceTree = "<group>"; };
		F535AAD91AD947BF0091E70B /* MapKit.framework */ = {isa = PBXFileReference; lastKnownFileType = wrapper.framework; name = MapKit.framework; path = System/Library/Frameworks/MapKit.framework; sourceTree = SDKROOT; };
		F535AAE11ADA63EC0091E70B /* job-annotation-icon@3x.png */ = {isa = PBXFileReference; lastKnownFileType = image.png; path = "job-annotation-icon@3x.png"; sourceTree = "<group>"; };
		F535AAE41ADC38580091E70B /* JobMapViewController.h */ = {isa = PBXFileReference; fileEncoding = 4; lastKnownFileType = sourcecode.c.h; name = JobMapViewController.h; path = ../JobMapViewController.h; sourceTree = "<group>"; };
		F535AAE51ADC38580091E70B /* JobMapViewController.m */ = {isa = PBXFileReference; fileEncoding = 4; lastKnownFileType = sourcecode.c.objc; name = JobMapViewController.m; path = ../JobMapViewController.m; sourceTree = "<group>"; };
		F535AAE71ADC66240091E70B /* job-annotation-icon2@3x.png */ = {isa = PBXFileReference; lastKnownFileType = image.png; path = "job-annotation-icon2@3x.png"; sourceTree = "<group>"; };
		F535AAE91ADC66920091E70B /* job-annotation-icon3@3x.png */ = {isa = PBXFileReference; lastKnownFileType = image.png; path = "job-annotation-icon3@3x.png"; sourceTree = "<group>"; };
		F535ABC11ADE52CF0091E70B /* JobChatViewController.h */ = {isa = PBXFileReference; fileEncoding = 4; lastKnownFileType = sourcecode.c.h; name = JobChatViewController.h; path = ../JobChatViewController.h; sourceTree = "<group>"; };
		F535ABC21ADE52CF0091E70B /* JobChatViewController.m */ = {isa = PBXFileReference; fileEncoding = 4; lastKnownFileType = sourcecode.c.objc; name = JobChatViewController.m; path = ../JobChatViewController.m; sourceTree = "<group>"; };
		F535ABC31ADE52CF0091E70B /* JobChatView.xib */ = {isa = PBXFileReference; fileEncoding = 4; lastKnownFileType = file.xib; name = JobChatView.xib; path = ../JobChatView.xib; sourceTree = "<group>"; };
		F535AC4D1ADEC9860091E70B /* JobChatMessageCell.xib */ = {isa = PBXFileReference; fileEncoding = 4; lastKnownFileType = file.xib; name = JobChatMessageCell.xib; path = ../JobChatMessageCell.xib; sourceTree = "<group>"; };
		F535AC4F1ADEC9B50091E70B /* JobChatMessageCell.h */ = {isa = PBXFileReference; fileEncoding = 4; lastKnownFileType = sourcecode.c.h; name = JobChatMessageCell.h; path = ../JobChatMessageCell.h; sourceTree = "<group>"; };
		F535AC501ADEC9B50091E70B /* JobChatMessageCell.m */ = {isa = PBXFileReference; fileEncoding = 4; lastKnownFileType = sourcecode.c.objc; name = JobChatMessageCell.m; path = ../JobChatMessageCell.m; sourceTree = "<group>"; };
		F53EABEF1B020F5900CCB97C /* MessagesViewController.h */ = {isa = PBXFileReference; fileEncoding = 4; lastKnownFileType = sourcecode.c.h; path = MessagesViewController.h; sourceTree = "<group>"; };
		F53EABF01B020F5900CCB97C /* MessagesViewController.m */ = {isa = PBXFileReference; fileEncoding = 4; lastKnownFileType = sourcecode.c.objc; path = MessagesViewController.m; sourceTree = "<group>"; };
		F53EABF21B020F8700CCB97C /* MessageCell.h */ = {isa = PBXFileReference; fileEncoding = 4; lastKnownFileType = sourcecode.c.h; path = MessageCell.h; sourceTree = "<group>"; };
		F53EABF31B020F8700CCB97C /* MessageCell.m */ = {isa = PBXFileReference; fileEncoding = 4; lastKnownFileType = sourcecode.c.objc; path = MessageCell.m; sourceTree = "<group>"; };
		F59584821B1347A800B06778 /* TabBar-AddJob.png */ = {isa = PBXFileReference; lastKnownFileType = image.png; path = "TabBar-AddJob.png"; sourceTree = "<group>"; };
		F59584831B1347A900B06778 /* TabBar-AddJob@2x.png */ = {isa = PBXFileReference; lastKnownFileType = image.png; path = "TabBar-AddJob@2x.png"; sourceTree = "<group>"; };
		F59584841B1347A900B06778 /* TabBar-AddJob@3x.png */ = {isa = PBXFileReference; lastKnownFileType = image.png; path = "TabBar-AddJob@3x.png"; sourceTree = "<group>"; };
		F59584891B134BFB00B06778 /* JobLocationViewController.h */ = {isa = PBXFileReference; fileEncoding = 4; lastKnownFileType = sourcecode.c.h; path = JobLocationViewController.h; sourceTree = "<group>"; };
		F595848A1B134BFB00B06778 /* JobLocationViewController.m */ = {isa = PBXFileReference; fileEncoding = 4; lastKnownFileType = sourcecode.c.objc; path = JobLocationViewController.m; sourceTree = "<group>"; };
		F59758A91AC159B40099A978 /* Career Map 3.app */ = {isa = PBXFileReference; explicitFileType = wrapper.application; includeInIndex = 0; path = "Career Map 3.app"; sourceTree = BUILT_PRODUCTS_DIR; };
		F59758AD1AC159B40099A978 /* Info.plist */ = {isa = PBXFileReference; lastKnownFileType = text.plist.xml; path = Info.plist; sourceTree = "<group>"; };
		F59758AE1AC159B40099A978 /* main.m */ = {isa = PBXFileReference; lastKnownFileType = sourcecode.c.objc; path = main.m; sourceTree = "<group>"; };
		F59758B01AC159B40099A978 /* AppDelegate.h */ = {isa = PBXFileReference; lastKnownFileType = sourcecode.c.h; path = AppDelegate.h; sourceTree = "<group>"; };
		F59758B11AC159B40099A978 /* AppDelegate.m */ = {isa = PBXFileReference; lastKnownFileType = sourcecode.c.objc; path = AppDelegate.m; sourceTree = "<group>"; };
		F59758BA1AC159B40099A978 /* Base */ = {isa = PBXFileReference; lastKnownFileType = file.storyboard; name = Base; path = Base.lproj/Main.storyboard; sourceTree = "<group>"; };
		F59758BC1AC159B40099A978 /* Images.xcassets */ = {isa = PBXFileReference; lastKnownFileType = folder.assetcatalog; path = Images.xcassets; sourceTree = "<group>"; };
		F59758BF1AC159B40099A978 /* Base */ = {isa = PBXFileReference; lastKnownFileType = file.xib; name = Base; path = Base.lproj/LaunchScreen.xib; sourceTree = "<group>"; };
		F59758C51AC159B40099A978 /* Career Map 3Tests.xctest */ = {isa = PBXFileReference; explicitFileType = wrapper.cfbundle; includeInIndex = 0; path = "Career Map 3Tests.xctest"; sourceTree = BUILT_PRODUCTS_DIR; };
		F59758CA1AC159B40099A978 /* Info.plist */ = {isa = PBXFileReference; lastKnownFileType = text.plist.xml; path = Info.plist; sourceTree = "<group>"; };
		F59758CB1AC159B40099A978 /* Career_Map_3Tests.m */ = {isa = PBXFileReference; lastKnownFileType = sourcecode.c.objc; path = Career_Map_3Tests.m; sourceTree = "<group>"; };
		F59759131AC1D38F0099A978 /* AudioToolbox.framework */ = {isa = PBXFileReference; lastKnownFileType = wrapper.framework; name = AudioToolbox.framework; path = System/Library/Frameworks/AudioToolbox.framework; sourceTree = SDKROOT; };
		F59759151AC1D3980099A978 /* CFNetwork.framework */ = {isa = PBXFileReference; lastKnownFileType = wrapper.framework; name = CFNetwork.framework; path = System/Library/Frameworks/CFNetwork.framework; sourceTree = SDKROOT; };
		F59759171AC1D3A10099A978 /* CoreGraphics.framework */ = {isa = PBXFileReference; lastKnownFileType = wrapper.framework; name = CoreGraphics.framework; path = System/Library/Frameworks/CoreGraphics.framework; sourceTree = SDKROOT; };
		F59759191AC1D3AD0099A978 /* CoreLocation.framework */ = {isa = PBXFileReference; lastKnownFileType = wrapper.framework; name = CoreLocation.framework; path = System/Library/Frameworks/CoreLocation.framework; sourceTree = SDKROOT; };
		F597591B1AC1D3B80099A978 /* libz.dylib */ = {isa = PBXFileReference; lastKnownFileType = "compiled.mach-o.dylib"; name = libz.dylib; path = usr/lib/libz.dylib; sourceTree = SDKROOT; };
		F597591D1AC1D3C10099A978 /* MobileCoreServices.framework */ = {isa = PBXFileReference; lastKnownFileType = wrapper.framework; name = MobileCoreServices.framework; path = System/Library/Frameworks/MobileCoreServices.framework; sourceTree = SDKROOT; };
		F597591F1AC1D3CB0099A978 /* QuartzCore.framework */ = {isa = PBXFileReference; lastKnownFileType = wrapper.framework; name = QuartzCore.framework; path = System/Library/Frameworks/QuartzCore.framework; sourceTree = SDKROOT; };
		F59759211AC1D3D40099A978 /* Security.framework */ = {isa = PBXFileReference; lastKnownFileType = wrapper.framework; name = Security.framework; path = System/Library/Frameworks/Security.framework; sourceTree = SDKROOT; };
		F59759231AC1D3DD0099A978 /* StoreKit.framework */ = {isa = PBXFileReference; lastKnownFileType = wrapper.framework; name = StoreKit.framework; path = System/Library/Frameworks/StoreKit.framework; sourceTree = SDKROOT; };
		F59759251AC1D3E60099A978 /* SystemConfiguration.framework */ = {isa = PBXFileReference; lastKnownFileType = wrapper.framework; name = SystemConfiguration.framework; path = System/Library/Frameworks/SystemConfiguration.framework; sourceTree = SDKROOT; };
		F59759281AC1D5420099A978 /* libsqlite3.0.dylib */ = {isa = PBXFileReference; lastKnownFileType = "compiled.mach-o.dylib"; name = libsqlite3.0.dylib; path = usr/lib/libsqlite3.0.dylib; sourceTree = SDKROOT; };
		F597592D1AC1D7F00099A978 /* JobListViewController.h */ = {isa = PBXFileReference; fileEncoding = 4; lastKnownFileType = sourcecode.c.h; path = JobListViewController.h; sourceTree = "<group>"; };
		F597592E1AC1D7F00099A978 /* JobListViewController.m */ = {isa = PBXFileReference; fileEncoding = 4; lastKnownFileType = sourcecode.c.objc; path = JobListViewController.m; sourceTree = "<group>"; };
		F59759301AC1DBDF0099A978 /* Job.h */ = {isa = PBXFileReference; fileEncoding = 4; lastKnownFileType = sourcecode.c.h; path = Job.h; sourceTree = "<group>"; };
		F59759311AC1DBDF0099A978 /* Job.m */ = {isa = PBXFileReference; fileEncoding = 4; lastKnownFileType = sourcecode.c.objc; path = Job.m; sourceTree = "<group>"; };
		F59759331AC1DC7D0099A978 /* JobCustomTableViewCell.h */ = {isa = PBXFileReference; fileEncoding = 4; lastKnownFileType = sourcecode.c.h; path = JobCustomTableViewCell.h; sourceTree = "<group>"; };
		F59759341AC1DC7D0099A978 /* JobCustomTableViewCell.m */ = {isa = PBXFileReference; fileEncoding = 4; lastKnownFileType = sourcecode.c.objc; path = JobCustomTableViewCell.m; sourceTree = "<group>"; };
		F5BAC3BB1AC7EDEF003E899C /* Bolts.framework */ = {isa = PBXFileReference; lastKnownFileType = wrapper.framework; name = Bolts.framework; path = "../../Libraries/iOS/parse-library-1.6.3/Bolts.framework"; sourceTree = "<group>"; };
		F5BAC3BC1AC7EDEF003E899C /* Parse.framework */ = {isa = PBXFileReference; lastKnownFileType = wrapper.framework; name = Parse.framework; path = "../../Libraries/iOS/parse-library-1.6.3/Parse.framework"; sourceTree = "<group>"; };
		F5BAC3BD1AC7EDEF003E899C /* ParseCrashReporting.framework */ = {isa = PBXFileReference; lastKnownFileType = wrapper.framework; name = ParseCrashReporting.framework; path = "../../Libraries/iOS/parse-library-1.6.3/ParseCrashReporting.framework"; sourceTree = "<group>"; };
		F5BAC3BE1AC7EDEF003E899C /* ParseFacebookUtils.framework */ = {isa = PBXFileReference; lastKnownFileType = wrapper.framework; name = ParseFacebookUtils.framework; path = "../../Libraries/iOS/parse-library-1.6.3/ParseFacebookUtils.framework"; sourceTree = "<group>"; };
		F5BAC3BF1AC7EDEF003E899C /* ParseUI.framework */ = {isa = PBXFileReference; lastKnownFileType = wrapper.framework; name = ParseUI.framework; path = "../../Libraries/iOS/parse-library-1.6.3/ParseUI.framework"; sourceTree = "<group>"; };
		F5BAC3C51AC7EDFE003E899C /* Bolts.framework */ = {isa = PBXFileReference; lastKnownFileType = wrapper.framework; name = Bolts.framework; path = "../../Libraries/iOS/parse-library-1.6.3/Bolts.framework"; sourceTree = "<group>"; };
		F5BAC3C61AC7EDFE003E899C /* Parse.framework */ = {isa = PBXFileReference; lastKnownFileType = wrapper.framework; name = Parse.framework; path = "../../Libraries/iOS/parse-library-1.6.3/Parse.framework"; sourceTree = "<group>"; };
		F5BAC3C71AC7EDFE003E899C /* ParseCrashReporting.framework */ = {isa = PBXFileReference; lastKnownFileType = wrapper.framework; name = ParseCrashReporting.framework; path = "../../Libraries/iOS/parse-library-1.6.3/ParseCrashReporting.framework"; sourceTree = "<group>"; };
		F5BAC3C81AC7EDFE003E899C /* ParseFacebookUtils.framework */ = {isa = PBXFileReference; lastKnownFileType = wrapper.framework; name = ParseFacebookUtils.framework; path = "../../Libraries/iOS/parse-library-1.6.3/ParseFacebookUtils.framework"; sourceTree = "<group>"; };
		F5BAC3C91AC7EDFE003E899C /* ParseUI.framework */ = {isa = PBXFileReference; lastKnownFileType = wrapper.framework; name = ParseUI.framework; path = "../../Libraries/iOS/parse-library-1.6.3/ParseUI.framework"; sourceTree = "<group>"; };
		F5BAC3CF1AC85BB7003E899C /* LoginViewController.h */ = {isa = PBXFileReference; fileEncoding = 4; lastKnownFileType = sourcecode.c.h; path = LoginViewController.h; sourceTree = "<group>"; };
		F5BAC3D01AC85BB7003E899C /* LoginViewController.m */ = {isa = PBXFileReference; fileEncoding = 4; lastKnownFileType = sourcecode.c.objc; path = LoginViewController.m; sourceTree = "<group>"; };
		F5BAC3D21AC875E5003E899C /* settingsViewController.h */ = {isa = PBXFileReference; fileEncoding = 4; lastKnownFileType = sourcecode.c.h; path = settingsViewController.h; sourceTree = "<group>"; };
		F5BAC3D31AC875E5003E899C /* settingsViewController.m */ = {isa = PBXFileReference; fileEncoding = 4; lastKnownFileType = sourcecode.c.objc; path = settingsViewController.m; sourceTree = "<group>"; };
		F5CB2BF91B0DDB2500275850 /* DateConverter.h */ = {isa = PBXFileReference; fileEncoding = 4; lastKnownFileType = sourcecode.c.h; path = DateConverter.h; sourceTree = "<group>"; };
		F5CB2BFA1B0DDB2500275850 /* DateConverter.m */ = {isa = PBXFileReference; fileEncoding = 4; lastKnownFileType = sourcecode.c.objc; path = DateConverter.m; sourceTree = "<group>"; };
		F5CF09421AF1114B00850BB0 /* Icon-60@3x.png */ = {isa = PBXFileReference; lastKnownFileType = image.png; path = "Icon-60@3x.png"; sourceTree = "<group>"; };
		F5CF09441AF141A000850BB0 /* MBProgressHUD.h */ = {isa = PBXFileReference; fileEncoding = 4; lastKnownFileType = sourcecode.c.h; path = MBProgressHUD.h; sourceTree = "<group>"; };
		F5CF09451AF141A000850BB0 /* MBProgressHUD.m */ = {isa = PBXFileReference; fileEncoding = 4; lastKnownFileType = sourcecode.c.objc; path = MBProgressHUD.m; sourceTree = "<group>"; };
		F5CF09481AF2805F00850BB0 /* TabBar-JobList@3x.png */ = {isa = PBXFileReference; lastKnownFileType = image.png; path = "TabBar-JobList@3x.png"; sourceTree = "<group>"; };
		F5CF094A1AF2820500850BB0 /* TabBar-JobList@2x.png */ = {isa = PBXFileReference; lastKnownFileType = image.png; path = "TabBar-JobList@2x.png"; sourceTree = "<group>"; };
		F5CF094C1AF283C600850BB0 /* TabBar-JobList.png */ = {isa = PBXFileReference; lastKnownFileType = image.png; path = "TabBar-JobList.png"; sourceTree = "<group>"; };
		F5CF09561AF284E500850BB0 /* TabBar-Settings@2x.png */ = {isa = PBXFileReference; lastKnownFileType = image.png; path = "TabBar-Settings@2x.png"; sourceTree = "<group>"; };
		F5CF09571AF284E500850BB0 /* TabBar-Settings@3x.png */ = {isa = PBXFileReference; lastKnownFileType = image.png; path = "TabBar-Settings@3x.png"; sourceTree = "<group>"; };
		F5CF095B1AF2854600850BB0 /* TabBar-Settings.png */ = {isa = PBXFileReference; lastKnownFileType = image.png; path = "TabBar-Settings.png"; sourceTree = "<group>"; };
		F5CF095D1AF285F000850BB0 /* TabBar-MyCV.png */ = {isa = PBXFileReference; lastKnownFileType = image.png; path = "TabBar-MyCV.png"; sourceTree = "<group>"; };
		F5CF095E1AF285F000850BB0 /* TabBar-MyCV@2x.png */ = {isa = PBXFileReference; lastKnownFileType = image.png; path = "TabBar-MyCV@2x.png"; sourceTree = "<group>"; };
		F5CF095F1AF285F000850BB0 /* TabBar-MyCV@3x.png */ = {isa = PBXFileReference; lastKnownFileType = image.png; path = "TabBar-MyCV@3x.png"; sourceTree = "<group>"; };
		F5CF11F51AFD50AC00FD0FCA /* TabBar-Messages.png */ = {isa = PBXFileReference; lastKnownFileType = image.png; path = "TabBar-Messages.png"; sourceTree = "<group>"; };
		F5CF11F61AFD50AC00FD0FCA /* TabBar-Messages@2x.png */ = {isa = PBXFileReference; lastKnownFileType = image.png; path = "TabBar-Messages@2x.png"; sourceTree = "<group>"; };
		F5CF11F71AFD50AC00FD0FCA /* TabBar-Messages@3x.png */ = {isa = PBXFileReference; lastKnownFileType = image.png; path = "TabBar-Messages@3x.png"; sourceTree = "<group>"; };
		F5E655631B04EF9B0025F219 /* complete.m4r */ = {isa = PBXFileReference; lastKnownFileType = file; path = complete.m4r; sourceTree = "<group>"; };
		F5EB65BA1AEBDFB60026B988 /* SkillTextField.h */ = {isa = PBXFileReference; fileEncoding = 4; lastKnownFileType = sourcecode.c.h; path = SkillTextField.h; sourceTree = "<group>"; };
		F5EB65BB1AEBDFB60026B988 /* SkillTextField.m */ = {isa = PBXFileReference; fileEncoding = 4; lastKnownFileType = sourcecode.c.objc; path = SkillTextField.m; sourceTree = "<group>"; };
		F5EB65BE1AECF6BD0026B988 /* GCPlaceholderTextView.h */ = {isa = PBXFileReference; fileEncoding = 4; lastKnownFileType = sourcecode.c.h; path = GCPlaceholderTextView.h; sourceTree = "<group>"; };
		F5EB65BF1AECF6BD0026B988 /* GCPlaceholderTextView.m */ = {isa = PBXFileReference; fileEncoding = 4; lastKnownFileType = sourcecode.c.objc; path = GCPlaceholderTextView.m; sourceTree = "<group>"; };
		F5EB65C11AED82A30026B988 /* JLTStepper.h */ = {isa = PBXFileReference; fileEncoding = 4; lastKnownFileType = sourcecode.c.h; name = JLTStepper.h; path = ../JLTStepper.h; sourceTree = "<group>"; };
		F5EB65C21AED82A30026B988 /* JLTStepper.m */ = {isa = PBXFileReference; fileEncoding = 4; lastKnownFileType = sourcecode.c.objc; name = JLTStepper.m; path = ../JLTStepper.m; sourceTree = "<group>"; };
		F5EB65FD1AEEB0770026B988 /* AppHorizontalMessage.h */ = {isa = PBXFileReference; fileEncoding = 4; lastKnownFileType = sourcecode.c.h; name = AppHorizontalMessage.h; path = ../AppHorizontalMessage.h; sourceTree = "<group>"; };
		F5EB65FE1AEEB0770026B988 /* AppHorizontalMessage.m */ = {isa = PBXFileReference; fileEncoding = 4; lastKnownFileType = sourcecode.c.objc; name = AppHorizontalMessage.m; path = ../AppHorizontalMessage.m; sourceTree = "<group>"; };
		F5EB66021AEEB1A60026B988 /* AppHorizontalMessageView.xib */ = {isa = PBXFileReference; fileEncoding = 4; lastKnownFileType = file.xib; name = AppHorizontalMessageView.xib; path = ../AppHorizontalMessageView.xib; sourceTree = "<group>"; };
/* End PBXFileReference section */

/* Begin PBXFrameworksBuildPhase section */
		F59758A61AC159B40099A978 /* Frameworks */ = {
			isa = PBXFrameworksBuildPhase;
			buildActionMask = 2147483647;
			files = (
				F535AADA1AD947BF0091E70B /* MapKit.framework in Frameworks */,
				F59759291AC1D5420099A978 /* libsqlite3.0.dylib in Frameworks */,
				F59759261AC1D3E60099A978 /* SystemConfiguration.framework in Frameworks */,
				F5BAC3C01AC7EDEF003E899C /* Bolts.framework in Frameworks */,
				F5BAC3C11AC7EDEF003E899C /* Parse.framework in Frameworks */,
				F5BAC3C21AC7EDEF003E899C /* ParseCrashReporting.framework in Frameworks */,
				F5BAC3C31AC7EDEF003E899C /* ParseFacebookUtils.framework in Frameworks */,
				F5BAC3C41AC7EDEF003E899C /* ParseUI.framework in Frameworks */,
				F59759241AC1D3DD0099A978 /* StoreKit.framework in Frameworks */,
				F59759221AC1D3D40099A978 /* Security.framework in Frameworks */,
				F5BAC3CE1AC7EDFE003E899C /* ParseUI.framework in Frameworks */,
				F59759201AC1D3CB0099A978 /* QuartzCore.framework in Frameworks */,
				F5BAC3CC1AC7EDFE003E899C /* ParseCrashReporting.framework in Frameworks */,
				F5BAC3CB1AC7EDFE003E899C /* Parse.framework in Frameworks */,
				F597591E1AC1D3C10099A978 /* MobileCoreServices.framework in Frameworks */,
				F597591C1AC1D3B80099A978 /* libz.dylib in Frameworks */,
				F5BAC3CA1AC7EDFE003E899C /* Bolts.framework in Frameworks */,
				F597591A1AC1D3AD0099A978 /* CoreLocation.framework in Frameworks */,
				F59759181AC1D3A10099A978 /* CoreGraphics.framework in Frameworks */,
				F59759161AC1D3980099A978 /* CFNetwork.framework in Frameworks */,
				F5BAC3CD1AC7EDFE003E899C /* ParseFacebookUtils.framework in Frameworks */,
				F59759141AC1D38F0099A978 /* AudioToolbox.framework in Frameworks */,
			);
			runOnlyForDeploymentPostprocessing = 0;
		};
		F59758C21AC159B40099A978 /* Frameworks */ = {
			isa = PBXFrameworksBuildPhase;
			buildActionMask = 2147483647;
			files = (
			);
			runOnlyForDeploymentPostprocessing = 0;
		};
/* End PBXFrameworksBuildPhase section */

/* Begin PBXGroup section */
		F50142D01ACD1643000DDBE3 /* Icons */ = {
			isa = PBXGroup;
			children = (
				F506DC2C1AF7C11B000ABF49 /* Bar buttons */,
				F5CF094E1AF283E300850BB0 /* Tab Bar */,
				F5CF09421AF1114B00850BB0 /* Icon-60@3x.png */,
				F52DC4961AE6507D00693911 /* Default_Profile_Picture@3x.png */,
				F53334631AE4080C0029BFF7 /* Lenna@3x.jpg */,
				F535AAE91ADC66920091E70B /* job-annotation-icon3@3x.png */,
				F535AAE71ADC66240091E70B /* job-annotation-icon2@3x.png */,
				F535AAE11ADA63EC0091E70B /* job-annotation-icon@3x.png */,
				F50142D51ACD19CD000DDBE3 /* JobVoteDwn-no-selected@3x.png */,
				F50142D61ACD19CD000DDBE3 /* JobVoteDwn-selected@3x.png */,
				F50142D71ACD19CD000DDBE3 /* JobVoteUp-no-selected@3x.png */,
				F50142D81ACD19CD000DDBE3 /* JobVoteUp-selected@3x.png */,
			);
			name = Icons;
			sourceTree = "<group>";
		};
		F506DC2C1AF7C11B000ABF49 /* Bar buttons */ = {
			isa = PBXGroup;
			children = (
				F506DC2D1AF7C1BF000ABF49 /* MenuBar-Report.png */,
				F506DC2E1AF7C1BF000ABF49 /* MenuBar-Report@2x.png */,
				F506DC2F1AF7C1BF000ABF49 /* MenuBar-Report@3x.png */,
			);
			name = "Bar buttons";
			sourceTree = "<group>";
		};
		F533345B1AE3CCB70029BFF7 /* CV */ = {
			isa = PBXGroup;
			children = (
				F5EB65BA1AEBDFB60026B988 /* SkillTextField.h */,
				F5EB65BB1AEBDFB60026B988 /* SkillTextField.m */,
				F52DC48E1AE4D80800693911 /* ViewEditMyCVViewController.h */,
				F52DC48F1AE4D80800693911 /* ViewEditMyCVViewController.m */,
				F533345E1AE3CE4D0029BFF7 /* CreateCVView.xib */,
				F53334601AE3CEB40029BFF7 /* CreateCVViewController.h */,
				F53334611AE3CEB40029BFF7 /* CreateCVViewController.m */,
			);
			name = CV;
			path = ..;
			sourceTree = "<group>";
		};
		F535AA6A1AD4380A0091E70B /* Settings */ = {
			isa = PBXGroup;
			children = (
				F5BAC3D31AC875E5003E899C /* settingsViewController.m */,
				F5BAC3D21AC875E5003E899C /* settingsViewController.h */,
			);
			name = Settings;
			sourceTree = "<group>";
		};
		F535AA6B1AD438440091E70B /* Welcome Section */ = {
			isa = PBXGroup;
			children = (
				F535AA631AD3CE270091E70B /* WelcomeAppChoiceView.xib */,
				F535AA651AD3CE7E0091E70B /* WelcomeAppChoiceViewController.h */,
				F535AA661AD3CE7E0091E70B /* WelcomeAppChoiceViewController.m */,
			);
			name = "Welcome Section";
			sourceTree = "<group>";
		};
		F535AA6C1AD438710091E70B /* Login-Registration */ = {
			isa = PBXGroup;
			children = (
				F535A9A61AD06E500091E70B /* ExistingUserLoginViewController.m */,
				F535A9A51AD06E500091E70B /* ExistingUserLoginViewController.h */,
				F5BAC3D01AC85BB7003E899C /* LoginViewController.m */,
				F5BAC3CF1AC85BB7003E899C /* LoginViewController.h */,
			);
			name = "Login-Registration";
			sourceTree = "<group>";
		};
		F535AA6D1AD438C80091E70B /* Job List */ = {
			isa = PBXGroup;
			children = (
				F597592D1AC1D7F00099A978 /* JobListViewController.h */,
				F597592E1AC1D7F00099A978 /* JobListViewController.m */,
				F59759331AC1DC7D0099A978 /* JobCustomTableViewCell.h */,
				F59759341AC1DC7D0099A978 /* JobCustomTableViewCell.m */,
				F506DC331AF9504F000ABF49 /* LoadingJobListEmptyView.xib */,
				F506DC3B1AF952DE000ABF49 /* LoadingJobListEmptyView.h */,
				F506DC3C1AF952DE000ABF49 /* LoadingJobListEmptyView.m */,
			);
			name = "Job List";
			sourceTree = "<group>";
		};
		F535AA6E1AD439080091E70B /* Location */ = {
			isa = PBXGroup;
			children = (
				F535AA681AD401BA0091E70B /* myLocation.gpx */,
			);
			name = Location;
			sourceTree = "<group>";
		};
		F535AA6F1AD439600091E70B /* Model */ = {
			isa = PBXGroup;
			children = (
				F59759311AC1DBDF0099A978 /* Job.m */,
				F59759301AC1DBDF0099A978 /* Job.h */,
			);
			name = Model;
			sourceTree = "<group>";
		};
		F535AAE31ADC381B0091E70B /* Job Details */ = {
			isa = PBXGroup;
			children = (
				F535AA701AD449BA0091E70B /* JobDetailsViewController.h */,
				F535AA711AD449BA0091E70B /* JobDetailsViewController.m */,
				F535AAE41ADC38580091E70B /* JobMapViewController.h */,
				F535AAE51ADC38580091E70B /* JobMapViewController.m */,
			);
			name = "Job Details";
			sourceTree = "<group>";
		};
		F535ABB61ADE49460091E70B /* Conversation */ = {
			isa = PBXGroup;
			children = (
				F535ABC11ADE52CF0091E70B /* JobChatViewController.h */,
				F535ABC21ADE52CF0091E70B /* JobChatViewController.m */,
				F535ABC31ADE52CF0091E70B /* JobChatView.xib */,
				F535AC4D1ADEC9860091E70B /* JobChatMessageCell.xib */,
				F535AC4F1ADEC9B50091E70B /* JobChatMessageCell.h */,
				F535AC501ADEC9B50091E70B /* JobChatMessageCell.m */,
			);
			name = Conversation;
			sourceTree = "<group>";
		};
		F53EABEE1B020F2800CCB97C /* Messages */ = {
			isa = PBXGroup;
			children = (
				F53EABEF1B020F5900CCB97C /* MessagesViewController.h */,
				F53EABF01B020F5900CCB97C /* MessagesViewController.m */,
				F53EABF21B020F8700CCB97C /* MessageCell.h */,
				F53EABF31B020F8700CCB97C /* MessageCell.m */,
			);
			name = Messages;
			sourceTree = "<group>";
		};
		F59584881B134B9E00B06778 /* Add Job */ = {
			isa = PBXGroup;
			children = (
				F59584891B134BFB00B06778 /* JobLocationViewController.h */,
				F595848A1B134BFB00B06778 /* JobLocationViewController.m */,
			);
			name = "Add Job";
			sourceTree = "<group>";
		};
		F59758A01AC159B40099A978 = {
			isa = PBXGroup;
			children = (
				F535AAD91AD947BF0091E70B /* MapKit.framework */,
				F59758AB1AC159B40099A978 /* Career Map 3 */,
				F59758C81AC159B40099A978 /* Career Map 3Tests */,
				F59758AA1AC159B40099A978 /* Products */,
			);
			sourceTree = "<group>";
		};
		F59758AA1AC159B40099A978 /* Products */ = {
			isa = PBXGroup;
			children = (
				F59758A91AC159B40099A978 /* Career Map 3.app */,
				F59758C51AC159B40099A978 /* Career Map 3Tests.xctest */,
			);
			name = Products;
			sourceTree = "<group>";
		};
		F59758AB1AC159B40099A978 /* Career Map 3 */ = {
			isa = PBXGroup;
			children = (
				F59758B11AC159B40099A978 /* AppDelegate.m */,
				F59758B01AC159B40099A978 /* AppDelegate.h */,
				F59758B91AC159B40099A978 /* Main.storyboard */,
				F59584881B134B9E00B06778 /* Add Job */,
				F53EABEE1B020F2800CCB97C /* Messages */,
				F535ABB61ADE49460091E70B /* Conversation */,
				F5CB2BF81B0DDAE100275850 /* Ubiquitous Classes */,
				F533345B1AE3CCB70029BFF7 /* CV */,
				F535AA6D1AD438C80091E70B /* Job List */,
				F535AAE31ADC381B0091E70B /* Job Details */,
				F535AA6C1AD438710091E70B /* Login-Registration */,
				F535AA6B1AD438440091E70B /* Welcome Section */,
				F535AA6A1AD4380A0091E70B /* Settings */,
				F535AA6F1AD439600091E70B /* Model */,
				F59758AC1AC159B40099A978 /* Supporting Files */,
			);
			path = "Career Map 3";
			sourceTree = "<group>";
		};
		F59758AC1AC159B40099A978 /* Supporting Files */ = {
			isa = PBXGroup;
			children = (
				F5E655621B04EF590025F219 /* Sounds */,
				F5EB65BD1AECF69F0026B988 /* Lib */,
				F535AA6E1AD439080091E70B /* Location */,
				F50142D01ACD1643000DDBE3 /* Icons */,
				F59759271AC1D4200099A978 /* Frameworks */,
				F59758AD1AC159B40099A978 /* Info.plist */,
				F59758AE1AC159B40099A978 /* main.m */,
				F59758BC1AC159B40099A978 /* Images.xcassets */,
				F59758BE1AC159B40099A978 /* LaunchScreen.xib */,
			);
			name = "Supporting Files";
			sourceTree = "<group>";
		};
		F59758C81AC159B40099A978 /* Career Map 3Tests */ = {
			isa = PBXGroup;
			children = (
				F59758CB1AC159B40099A978 /* Career_Map_3Tests.m */,
				F59758C91AC159B40099A978 /* Supporting Files */,
			);
			path = "Career Map 3Tests";
			sourceTree = "<group>";
		};
		F59758C91AC159B40099A978 /* Supporting Files */ = {
			isa = PBXGroup;
			children = (
				F59758CA1AC159B40099A978 /* Info.plist */,
			);
			name = "Supporting Files";
			sourceTree = "<group>";
		};
		F59759271AC1D4200099A978 /* Frameworks */ = {
			isa = PBXGroup;
			children = (
				F59759281AC1D5420099A978 /* libsqlite3.0.dylib */,
				F597591B1AC1D3B80099A978 /* libz.dylib */,
				F5BAC3BE1AC7EDEF003E899C /* ParseFacebookUtils.framework */,
				F5BAC3BF1AC7EDEF003E899C /* ParseUI.framework */,
				F5BAC3BB1AC7EDEF003E899C /* Bolts.framework */,
				F5BAC3BC1AC7EDEF003E899C /* Parse.framework */,
				F5BAC3BD1AC7EDEF003E899C /* ParseCrashReporting.framework */,
				F5BAC3C51AC7EDFE003E899C /* Bolts.framework */,
				F5BAC3C61AC7EDFE003E899C /* Parse.framework */,
				F5BAC3C71AC7EDFE003E899C /* ParseCrashReporting.framework */,
				F5BAC3C81AC7EDFE003E899C /* ParseFacebookUtils.framework */,
				F5BAC3C91AC7EDFE003E899C /* ParseUI.framework */,
				F59759251AC1D3E60099A978 /* SystemConfiguration.framework */,
				F59759231AC1D3DD0099A978 /* StoreKit.framework */,
				F59759211AC1D3D40099A978 /* Security.framework */,
				F597591F1AC1D3CB0099A978 /* QuartzCore.framework */,
				F597591D1AC1D3C10099A978 /* MobileCoreServices.framework */,
				F59759191AC1D3AD0099A978 /* CoreLocation.framework */,
				F59759171AC1D3A10099A978 /* CoreGraphics.framework */,
				F59759151AC1D3980099A978 /* CFNetwork.framework */,
				F59759131AC1D38F0099A978 /* AudioToolbox.framework */,
			);
			name = Frameworks;
			sourceTree = "<group>";
		};
		F5CB2BF81B0DDAE100275850 /* Ubiquitous Classes */ = {
			isa = PBXGroup;
			children = (
				F5CF09471AF2728400850BB0 /* App Horizontal Message */,
				F5CB2BF91B0DDB2500275850 /* DateConverter.h */,
				F5CB2BFA1B0DDB2500275850 /* DateConverter.m */,
			);
			name = "Ubiquitous Classes";
			sourceTree = "<group>";
		};
		F5CF09471AF2728400850BB0 /* App Horizontal Message */ = {
			isa = PBXGroup;
			children = (
				F5EB66021AEEB1A60026B988 /* AppHorizontalMessageView.xib */,
				F5EB65FD1AEEB0770026B988 /* AppHorizontalMessage.h */,
				F5EB65FE1AEEB0770026B988 /* AppHorizontalMessage.m */,
			);
			name = "App Horizontal Message";
			sourceTree = "<group>";
		};
		F5CF094E1AF283E300850BB0 /* Tab Bar */ = {
			isa = PBXGroup;
			children = (
				F59584821B1347A800B06778 /* TabBar-AddJob.png */,
				F59584831B1347A900B06778 /* TabBar-AddJob@2x.png */,
				F59584841B1347A900B06778 /* TabBar-AddJob@3x.png */,
				F5CF11F51AFD50AC00FD0FCA /* TabBar-Messages.png */,
				F5CF11F61AFD50AC00FD0FCA /* TabBar-Messages@2x.png */,
				F5CF11F71AFD50AC00FD0FCA /* TabBar-Messages@3x.png */,
				F5CF095D1AF285F000850BB0 /* TabBar-MyCV.png */,
				F5CF095E1AF285F000850BB0 /* TabBar-MyCV@2x.png */,
				F5CF095F1AF285F000850BB0 /* TabBar-MyCV@3x.png */,
				F5CF095B1AF2854600850BB0 /* TabBar-Settings.png */,
				F5CF09561AF284E500850BB0 /* TabBar-Settings@2x.png */,
				F5CF09571AF284E500850BB0 /* TabBar-Settings@3x.png */,
				F5CF094C1AF283C600850BB0 /* TabBar-JobList.png */,
				F5CF094A1AF2820500850BB0 /* TabBar-JobList@2x.png */,
				F5CF09481AF2805F00850BB0 /* TabBar-JobList@3x.png */,
			);
			name = "Tab Bar";
			sourceTree = "<group>";
		};
		F5E655621B04EF590025F219 /* Sounds */ = {
			isa = PBXGroup;
			children = (
				F5E655631B04EF9B0025F219 /* complete.m4r */,
			);
			name = Sounds;
			sourceTree = "<group>";
		};
		F5EB65BD1AECF69F0026B988 /* Lib */ = {
			isa = PBXGroup;
			children = (
				F5CF09441AF141A000850BB0 /* MBProgressHUD.h */,
				F5CF09451AF141A000850BB0 /* MBProgressHUD.m */,
				F5EB65C11AED82A30026B988 /* JLTStepper.h */,
				F5EB65C21AED82A30026B988 /* JLTStepper.m */,
				F5EB65BE1AECF6BD0026B988 /* GCPlaceholderTextView.h */,
				F5EB65BF1AECF6BD0026B988 /* GCPlaceholderTextView.m */,
			);
			name = Lib;
			sourceTree = "<group>";
		};
/* End PBXGroup section */

/* Begin PBXNativeTarget section */
		F59758A81AC159B40099A978 /* Career Map 3 */ = {
			isa = PBXNativeTarget;
			buildConfigurationList = F59758CF1AC159B40099A978 /* Build configuration list for PBXNativeTarget "Career Map 3" */;
			buildPhases = (
				F59758A51AC159B40099A978 /* Sources */,
				F59758A61AC159B40099A978 /* Frameworks */,
				F59758A71AC159B40099A978 /* Resources */,
			);
			buildRules = (
			);
			dependencies = (
			);
			name = "Career Map 3";
			productName = "Career Map 3";
			productReference = F59758A91AC159B40099A978 /* Career Map 3.app */;
			productType = "com.apple.product-type.application";
		};
		F59758C41AC159B40099A978 /* Career Map 3Tests */ = {
			isa = PBXNativeTarget;
			buildConfigurationList = F59758D21AC159B40099A978 /* Build configuration list for PBXNativeTarget "Career Map 3Tests" */;
			buildPhases = (
				F59758C11AC159B40099A978 /* Sources */,
				F59758C21AC159B40099A978 /* Frameworks */,
				F59758C31AC159B40099A978 /* Resources */,
			);
			buildRules = (
			);
			dependencies = (
				F59758C71AC159B40099A978 /* PBXTargetDependency */,
			);
			name = "Career Map 3Tests";
			productName = "Career Map 3Tests";
			productReference = F59758C51AC159B40099A978 /* Career Map 3Tests.xctest */;
			productType = "com.apple.product-type.bundle.unit-test";
		};
/* End PBXNativeTarget section */

/* Begin PBXProject section */
		F59758A11AC159B40099A978 /* Project object */ = {
			isa = PBXProject;
			attributes = {
				LastUpgradeCheck = 0620;
				ORGANIZATIONNAME = "Adel  Shehadeh";
				TargetAttributes = {
					F59758A81AC159B40099A978 = {
						CreatedOnToolsVersion = 6.2;
						DevelopmentTeam = 2UB7THC2G3;
					};
					F59758C41AC159B40099A978 = {
						CreatedOnToolsVersion = 6.2;
						DevelopmentTeam = 2UB7THC2G3;
						TestTargetID = F59758A81AC159B40099A978;
					};
				};
			};
			buildConfigurationList = F59758A41AC159B40099A978 /* Build configuration list for PBXProject "Career Map 3" */;
			compatibilityVersion = "Xcode 3.2";
			developmentRegion = English;
			hasScannedForEncodings = 0;
			knownRegions = (
				en,
				Base,
			);
			mainGroup = F59758A01AC159B40099A978;
			productRefGroup = F59758AA1AC159B40099A978 /* Products */;
			projectDirPath = "";
			projectRoot = "";
			targets = (
				F59758A81AC159B40099A978 /* Career Map 3 */,
				F59758C41AC159B40099A978 /* Career Map 3Tests */,
			);
		};
/* End PBXProject section */

/* Begin PBXResourcesBuildPhase section */
		F59758A71AC159B40099A978 /* Resources */ = {
			isa = PBXResourcesBuildPhase;
			buildActionMask = 2147483647;
			files = (
				F5CF09431AF1114B00850BB0 /* Icon-60@3x.png in Resources */,
				F506DC321AF7C1BF000ABF49 /* MenuBar-Report@3x.png in Resources */,
				F59584851B1347A900B06778 /* TabBar-AddJob.png in Resources */,
				F5CF09611AF285F000850BB0 /* TabBar-MyCV@2x.png in Resources */,
				F50142DA1ACD19CD000DDBE3 /* JobVoteDwn-selected@3x.png in Resources */,
				F59758BB1AC159B40099A978 /* Main.storyboard in Resources */,
				F50142D91ACD19CD000DDBE3 /* JobVoteDwn-no-selected@3x.png in Resources */,
				F535AA641AD3CE270091E70B /* WelcomeAppChoiceView.xib in Resources */,
				F59758C01AC159B40099A978 /* LaunchScreen.xib in Resources */,
				F5CF094B1AF2820500850BB0 /* TabBar-JobList@2x.png in Resources */,
				F535AAEA1ADC66920091E70B /* job-annotation-icon3@3x.png in Resources */,
				F5EB66031AEEB1A60026B988 /* AppHorizontalMessageView.xib in Resources */,
				F506DC341AF9504F000ABF49 /* LoadingJobListEmptyView.xib in Resources */,
				F53334641AE4080C0029BFF7 /* Lenna@3x.jpg in Resources */,
				F533345F1AE3CE4D0029BFF7 /* CreateCVView.xib in Resources */,
				F535AA691AD401BA0091E70B /* myLocation.gpx in Resources */,
				F59584861B1347A900B06778 /* TabBar-AddJob@2x.png in Resources */,
				F5CF09591AF284E500850BB0 /* TabBar-Settings@2x.png in Resources */,
				F50142DB1ACD19CD000DDBE3 /* JobVoteUp-no-selected@3x.png in Resources */,
				F59584871B1347A900B06778 /* TabBar-AddJob@3x.png in Resources */,
				F5CF094D1AF283C600850BB0 /* TabBar-JobList.png in Resources */,
				F506DC301AF7C1BF000ABF49 /* MenuBar-Report.png in Resources */,
				F535ABC51ADE52CF0091E70B /* JobChatView.xib in Resources */,
				F5CF11FA1AFD50AC00FD0FCA /* TabBar-Messages@3x.png in Resources */,
				F535AAE81ADC66240091E70B /* job-annotation-icon2@3x.png in Resources */,
				F506DC311AF7C1BF000ABF49 /* MenuBar-Report@2x.png in Resources */,
				F535AAE21ADA63EC0091E70B /* job-annotation-icon@3x.png in Resources */,
				F535AC4E1ADEC9860091E70B /* JobChatMessageCell.xib in Resources */,
				F5CF11F81AFD50AC00FD0FCA /* TabBar-Messages.png in Resources */,
				F5CF09621AF285F000850BB0 /* TabBar-MyCV@3x.png in Resources */,
				F50142DC1ACD19CD000DDBE3 /* JobVoteUp-selected@3x.png in Resources */,
				F52DC4971AE6507D00693911 /* Default_Profile_Picture@3x.png in Resources */,
				F5CF11F91AFD50AC00FD0FCA /* TabBar-Messages@2x.png in Resources */,
				F59758BD1AC159B40099A978 /* Images.xcassets in Resources */,
				F5CF09601AF285F000850BB0 /* TabBar-MyCV.png in Resources */,
				F5CF09491AF2805F00850BB0 /* TabBar-JobList@3x.png in Resources */,
				F5CF095C1AF2854600850BB0 /* TabBar-Settings.png in Resources */,
				F5E655641B04EF9B0025F219 /* complete.m4r in Resources */,
				F5CF095A1AF284E500850BB0 /* TabBar-Settings@3x.png in Resources */,
			);
			runOnlyForDeploymentPostprocessing = 0;
		};
		F59758C31AC159B40099A978 /* Resources */ = {
			isa = PBXResourcesBuildPhase;
			buildActionMask = 2147483647;
			files = (
			);
			runOnlyForDeploymentPostprocessing = 0;
		};
/* End PBXResourcesBuildPhase section */

/* Begin PBXSourcesBuildPhase section */
		F59758A51AC159B40099A978 /* Sources */ = {
			isa = PBXSourcesBuildPhase;
			buildActionMask = 2147483647;
			files = (
				F506DC3D1AF952DE000ABF49 /* LoadingJobListEmptyView.m in Sources */,
				F535ABC41ADE52CF0091E70B /* JobChatViewController.m in Sources */,
				F595848B1B134BFB00B06778 /* JobLocationViewController.m in Sources */,
				F59759351AC1DC7D0099A978 /* JobCustomTableViewCell.m in Sources */,
				F535AC511ADEC9B50091E70B /* JobChatMessageCell.m in Sources */,
				F5EB65BC1AEBDFB60026B988 /* SkillTextField.m in Sources */,
				F5BAC3D41AC875E5003E899C /* settingsViewController.m in Sources */,
				F53EABF11B020F5900CCB97C /* MessagesViewController.m in Sources */,
				F535A9A71AD06E500091E70B /* ExistingUserLoginViewController.m in Sources */,
				F5EB65C31AED82A30026B988 /* JLTStepper.m in Sources */,
				F5CF09461AF141A000850BB0 /* MBProgressHUD.m in Sources */,
				F53EABF41B020F8700CCB97C /* MessageCell.m in Sources */,
				F59758B21AC159B40099A978 /* AppDelegate.m in Sources */,
				F5BAC3D11AC85BB7003E899C /* LoginViewController.m in Sources */,
				F535AA721AD449BA0091E70B /* JobDetailsViewController.m in Sources */,
				F535AAE61ADC38580091E70B /* JobMapViewController.m in Sources */,
				F59758AF1AC159B40099A978 /* main.m in Sources */,
				F5CB2BFB1B0DDB2500275850 /* DateConverter.m in Sources */,
				F535AA671AD3CE7E0091E70B /* WelcomeAppChoiceViewController.m in Sources */,
				F53334621AE3CEB40029BFF7 /* CreateCVViewController.m in Sources */,
				F52DC4901AE4D80800693911 /* ViewEditMyCVViewController.m in Sources */,
				F597592F1AC1D7F00099A978 /* JobListViewController.m in Sources */,
				F5EB65C01AECF6BD0026B988 /* GCPlaceholderTextView.m in Sources */,
				F59759321AC1DBDF0099A978 /* Job.m in Sources */,
				F5EB65FF1AEEB0770026B988 /* AppHorizontalMessage.m in Sources */,
			);
			runOnlyForDeploymentPostprocessing = 0;
		};
		F59758C11AC159B40099A978 /* Sources */ = {
			isa = PBXSourcesBuildPhase;
			buildActionMask = 2147483647;
			files = (
				F59758CC1AC159B40099A978 /* Career_Map_3Tests.m in Sources */,
			);
			runOnlyForDeploymentPostprocessing = 0;
		};
/* End PBXSourcesBuildPhase section */

/* Begin PBXTargetDependency section */
		F59758C71AC159B40099A978 /* PBXTargetDependency */ = {
			isa = PBXTargetDependency;
			target = F59758A81AC159B40099A978 /* Career Map 3 */;
			targetProxy = F59758C61AC159B40099A978 /* PBXContainerItemProxy */;
		};
/* End PBXTargetDependency section */

/* Begin PBXVariantGroup section */
		F59758B91AC159B40099A978 /* Main.storyboard */ = {
			isa = PBXVariantGroup;
			children = (
				F59758BA1AC159B40099A978 /* Base */,
			);
			name = Main.storyboard;
			sourceTree = "<group>";
		};
		F59758BE1AC159B40099A978 /* LaunchScreen.xib */ = {
			isa = PBXVariantGroup;
			children = (
				F59758BF1AC159B40099A978 /* Base */,
			);
			name = LaunchScreen.xib;
			sourceTree = "<group>";
		};
/* End PBXVariantGroup section */

/* Begin XCBuildConfiguration section */
		F59758CD1AC159B40099A978 /* Debug */ = {
			isa = XCBuildConfiguration;
			buildSettings = {
				ALWAYS_SEARCH_USER_PATHS = NO;
				CLANG_CXX_LANGUAGE_STANDARD = "gnu++0x";
				CLANG_CXX_LIBRARY = "libc++";
				CLANG_ENABLE_MODULES = YES;
				CLANG_ENABLE_OBJC_ARC = YES;
				CLANG_WARN_BOOL_CONVERSION = YES;
				CLANG_WARN_CONSTANT_CONVERSION = YES;
				CLANG_WARN_DIRECT_OBJC_ISA_USAGE = YES_ERROR;
				CLANG_WARN_EMPTY_BODY = YES;
				CLANG_WARN_ENUM_CONVERSION = YES;
				CLANG_WARN_INT_CONVERSION = YES;
				CLANG_WARN_OBJC_ROOT_CLASS = YES_ERROR;
				CLANG_WARN_UNREACHABLE_CODE = YES;
				CLANG_WARN__DUPLICATE_METHOD_MATCH = YES;
				CODE_SIGN_IDENTITY = "iPhone Developer: adel Shehadeh (L5Q8244UR2)";
				"CODE_SIGN_IDENTITY[sdk=iphoneos*]" = "iPhone Developer: adel Shehadeh (L5Q8244UR2)";
				COPY_PHASE_STRIP = NO;
				ENABLE_STRICT_OBJC_MSGSEND = YES;
				GCC_C_LANGUAGE_STANDARD = gnu99;
				GCC_DYNAMIC_NO_PIC = NO;
				GCC_OPTIMIZATION_LEVEL = 0;
				GCC_PREPROCESSOR_DEFINITIONS = (
					"DEBUG=1",
					"$(inherited)",
				);
				GCC_SYMBOLS_PRIVATE_EXTERN = NO;
				GCC_WARN_64_TO_32_BIT_CONVERSION = YES;
				GCC_WARN_ABOUT_RETURN_TYPE = YES_ERROR;
				GCC_WARN_UNDECLARED_SELECTOR = YES;
				GCC_WARN_UNINITIALIZED_AUTOS = YES_AGGRESSIVE;
				GCC_WARN_UNUSED_FUNCTION = YES;
				GCC_WARN_UNUSED_VARIABLE = YES;
				IPHONEOS_DEPLOYMENT_TARGET = 8.3;
				MTL_ENABLE_DEBUG_INFO = YES;
				ONLY_ACTIVE_ARCH = YES;
				PROVISIONING_PROFILE = "e3fb2ce2-9d18-462e-97ce-db024db105e1";
				SDKROOT = iphoneos;
			};
			name = Debug;
		};
		F59758CE1AC159B40099A978 /* Release */ = {
			isa = XCBuildConfiguration;
			buildSettings = {
				ALWAYS_SEARCH_USER_PATHS = NO;
				CLANG_CXX_LANGUAGE_STANDARD = "gnu++0x";
				CLANG_CXX_LIBRARY = "libc++";
				CLANG_ENABLE_MODULES = YES;
				CLANG_ENABLE_OBJC_ARC = YES;
				CLANG_WARN_BOOL_CONVERSION = YES;
				CLANG_WARN_CONSTANT_CONVERSION = YES;
				CLANG_WARN_DIRECT_OBJC_ISA_USAGE = YES_ERROR;
				CLANG_WARN_EMPTY_BODY = YES;
				CLANG_WARN_ENUM_CONVERSION = YES;
				CLANG_WARN_INT_CONVERSION = YES;
				CLANG_WARN_OBJC_ROOT_CLASS = YES_ERROR;
				CLANG_WARN_UNREACHABLE_CODE = YES;
				CLANG_WARN__DUPLICATE_METHOD_MATCH = YES;
				CODE_SIGN_IDENTITY = "iPhone Developer: adel Shehadeh (L5Q8244UR2)";
				"CODE_SIGN_IDENTITY[sdk=iphoneos*]" = "iPhone Developer: adel Shehadeh (L5Q8244UR2)";
				COPY_PHASE_STRIP = NO;
				ENABLE_NS_ASSERTIONS = NO;
				ENABLE_STRICT_OBJC_MSGSEND = YES;
				GCC_C_LANGUAGE_STANDARD = gnu99;
				GCC_WARN_64_TO_32_BIT_CONVERSION = YES;
				GCC_WARN_ABOUT_RETURN_TYPE = YES_ERROR;
				GCC_WARN_UNDECLARED_SELECTOR = YES;
				GCC_WARN_UNINITIALIZED_AUTOS = YES_AGGRESSIVE;
				GCC_WARN_UNUSED_FUNCTION = YES;
				GCC_WARN_UNUSED_VARIABLE = YES;
				IPHONEOS_DEPLOYMENT_TARGET = 8.3;
				MTL_ENABLE_DEBUG_INFO = NO;
				PROVISIONING_PROFILE = "e3fb2ce2-9d18-462e-97ce-db024db105e1";
				SDKROOT = iphoneos;
				VALIDATE_PRODUCT = YES;
			};
			name = Release;
		};
		F59758D01AC159B40099A978 /* Debug */ = {
			isa = XCBuildConfiguration;
			buildSettings = {
				ASSETCATALOG_COMPILER_APPICON_NAME = AppIcon;
				ASSETCATALOG_COMPILER_LAUNCHIMAGE_NAME = "LaunchImage-2";
				CODE_SIGN_IDENTITY = "iPhone Developer";
				"CODE_SIGN_IDENTITY[sdk=iphoneos*]" = "iPhone Developer";
				FRAMEWORK_SEARCH_PATHS = (
					"$(inherited)",
					"$(PROJECT_DIR)/Career",
					Map,
					3,
					"$(PROJECT_DIR)/Career",
					Map,
					3,
					"/Users/adel/Developer/Libraries/iOS/parse-library-1.6.3",
				);
				INFOPLIST_FILE = "Career Map 3/Info.plist";
				LD_RUNPATH_SEARCH_PATHS = "$(inherited) @executable_path/Frameworks";
				PRODUCT_NAME = "$(TARGET_NAME)";
				PROVISIONING_PROFILE = "bf71e249-2206-4c19-9d0b-5caa0445a978";
				TARGETED_DEVICE_FAMILY = "1,2";
			};
			name = Debug;
		};
		F59758D11AC159B40099A978 /* Release */ = {
			isa = XCBuildConfiguration;
			buildSettings = {
				ASSETCATALOG_COMPILER_APPICON_NAME = AppIcon;
				ASSETCATALOG_COMPILER_LAUNCHIMAGE_NAME = "LaunchImage-2";
				CODE_SIGN_IDENTITY = "iPhone Developer";
				"CODE_SIGN_IDENTITY[sdk=iphoneos*]" = "iPhone Developer";
				FRAMEWORK_SEARCH_PATHS = (
					"$(inherited)",
					"$(PROJECT_DIR)/Career",
					Map,
					3,
					"$(PROJECT_DIR)/Career",
					Map,
					3,
					"/Users/adel/Developer/Libraries/iOS/parse-library-1.6.3",
				);
				INFOPLIST_FILE = "Career Map 3/Info.plist";
				LD_RUNPATH_SEARCH_PATHS = "$(inherited) @executable_path/Frameworks";
				PRODUCT_NAME = "$(TARGET_NAME)";
				PROVISIONING_PROFILE = "bf71e249-2206-4c19-9d0b-5caa0445a978";
				TARGETED_DEVICE_FAMILY = "1,2";
			};
			name = Release;
		};
		F59758D31AC159B40099A978 /* Debug */ = {
			isa = XCBuildConfiguration;
			buildSettings = {
				BUNDLE_LOADER = "$(TEST_HOST)";
				CODE_SIGN_IDENTITY = "iPhone Developer";
				"CODE_SIGN_IDENTITY[sdk=iphoneos*]" = "iPhone Developer";
				FRAMEWORK_SEARCH_PATHS = (
					"$(SDKROOT)/Developer/Library/Frameworks",
					"$(inherited)",
				);
				GCC_PREPROCESSOR_DEFINITIONS = (
					"DEBUG=1",
					"$(inherited)",
				);
				INFOPLIST_FILE = "Career Map 3Tests/Info.plist";
				LD_RUNPATH_SEARCH_PATHS = "$(inherited) @executable_path/Frameworks @loader_path/Frameworks";
				PRODUCT_NAME = "$(TARGET_NAME)";
				PROVISIONING_PROFILE = "";
				TEST_HOST = "$(BUILT_PRODUCTS_DIR)/Career Map 3.app/Career Map 3";
			};
			name = Debug;
		};
		F59758D41AC159B40099A978 /* Release */ = {
			isa = XCBuildConfiguration;
			buildSettings = {
				BUNDLE_LOADER = "$(TEST_HOST)";
				CODE_SIGN_IDENTITY = "iPhone Developer";
				"CODE_SIGN_IDENTITY[sdk=iphoneos*]" = "iPhone Developer";
				FRAMEWORK_SEARCH_PATHS = (
					"$(SDKROOT)/Developer/Library/Frameworks",
					"$(inherited)",
				);
				INFOPLIST_FILE = "Career Map 3Tests/Info.plist";
				LD_RUNPATH_SEARCH_PATHS = "$(inherited) @executable_path/Frameworks @loader_path/Frameworks";
				PRODUCT_NAME = "$(TARGET_NAME)";
				PROVISIONING_PROFILE = "";
				TEST_HOST = "$(BUILT_PRODUCTS_DIR)/Career Map 3.app/Career Map 3";
			};
			name = Release;
		};
/* End XCBuildConfiguration section */

/* Begin XCConfigurationList section */
		F59758A41AC159B40099A978 /* Build configuration list for PBXProject "Career Map 3" */ = {
			isa = XCConfigurationList;
			buildConfigurations = (
				F59758CD1AC159B40099A978 /* Debug */,
				F59758CE1AC159B40099A978 /* Release */,
			);
			defaultConfigurationIsVisible = 0;
			defaultConfigurationName = Release;
		};
		F59758CF1AC159B40099A978 /* Build configuration list for PBXNativeTarget "Career Map 3" */ = {
			isa = XCConfigurationList;
			buildConfigurations = (
				F59758D01AC159B40099A978 /* Debug */,
				F59758D11AC159B40099A978 /* Release */,
			);
			defaultConfigurationIsVisible = 0;
			defaultConfigurationName = Release;
		};
		F59758D21AC159B40099A978 /* Build configuration list for PBXNativeTarget "Career Map 3Tests" */ = {
			isa = XCConfigurationList;
			buildConfigurations = (
				F59758D31AC159B40099A978 /* Debug */,
				F59758D41AC159B40099A978 /* Release */,
			);
			defaultConfigurationIsVisible = 0;
			defaultConfigurationName = Release;
		};
/* End XCConfigurationList section */
	};
	rootObject = F59758A11AC159B40099A978 /* Project object */;
}
